
Microsoft Visual Studio Solution File, Format Version 12.00
# Visual Studio 14
VisualStudioVersion = 14.0.24720.0
MinimumVisualStudioVersion = 10.0.40219.1
Project("{FAE04EC0-301F-11D3-BF4B-00C04F79EFBC}") = "Quantic.Common", "..\contrib\Quantic.Common\src\Quantic.Common\Quantic.Common.csproj", "{CC101618-9CA2-40E3-80D1-0D7370113DD0}"
EndProject
Project("{2150E333-8FDC-42A3-9474-1A3956D46DE8}") = "Tests", "Tests", "{4C556D60-B124-4244-AB13-F4B1B2B36521}"
EndProject
Project("{FAE04EC0-301F-11D3-BF4B-00C04F79EFBC}") = "Quantic.Common.Tests", "..\contrib\Quantic.Common\src\Quantic.Common.Tests\Quantic.Common.Tests.csproj", "{7CD6599C-6244-4930-95CB-63D8C7AE5080}"
EndProject
Project("{FAE04EC0-301F-11D3-BF4B-00C04F79EFBC}") = "Quantic.Etl", "Quantic.Etl\Quantic.Etl.csproj", "{660FAE4B-B8B7-4EB1-969C-8D6D4EE71A2C}"
EndProject
Project("{FAE04EC0-301F-11D3-BF4B-00C04F79EFBC}") = "Quantic.Etl.Tests", "Quantic.Etl.Tests\Quantic.Etl.Tests.csproj", "{975E61FD-F01E-4064-83B3-1650866A1F23}"
EndProject
Global
	GlobalSection(SolutionConfigurationPlatforms) = preSolution
		Debug|Any CPU = Debug|Any CPU
		Release|Any CPU = Release|Any CPU
	EndGlobalSection
	GlobalSection(ProjectConfigurationPlatforms) = postSolution
		{CC101618-9CA2-40E3-80D1-0D7370113DD0}.Debug|Any CPU.ActiveCfg = Debug|Any CPU
		{CC101618-9CA2-40E3-80D1-0D7370113DD0}.Debug|Any CPU.Build.0 = Debug|Any CPU
		{CC101618-9CA2-40E3-80D1-0D7370113DD0}.Release|Any CPU.ActiveCfg = Release|Any CPU
		{CC101618-9CA2-40E3-80D1-0D7370113DD0}.Release|Any CPU.Build.0 = Release|Any CPU
		{7CD6599C-6244-4930-95CB-63D8C7AE5080}.Debug|Any CPU.ActiveCfg = Debug|Any CPU
		{7CD6599C-6244-4930-95CB-63D8C7AE5080}.Debug|Any CPU.Build.0 = Debug|Any CPU
		{7CD6599C-6244-4930-95CB-63D8C7AE5080}.Release|Any CPU.ActiveCfg = Release|Any CPU
		{7CD6599C-6244-4930-95CB-63D8C7AE5080}.Release|Any CPU.Build.0 = Release|Any CPU
		{660FAE4B-B8B7-4EB1-969C-8D6D4EE71A2C}.Debug|Any CPU.ActiveCfg = Debug|Any CPU
		{660FAE4B-B8B7-4EB1-969C-8D6D4EE71A2C}.Debug|Any CPU.Build.0 = Debug|Any CPU
		{660FAE4B-B8B7-4EB1-969C-8D6D4EE71A2C}.Release|Any CPU.ActiveCfg = Release|Any CPU
		{660FAE4B-B8B7-4EB1-969C-8D6D4EE71A2C}.Release|Any CPU.Build.0 = Release|Any CPU
		{975E61FD-F01E-4064-83B3-1650866A1F23}.Debug|Any CPU.ActiveCfg = Debug|Any CPU
		{975E61FD-F01E-4064-83B3-1650866A1F23}.Debug|Any CPU.Build.0 = Debug|Any CPU
		{975E61FD-F01E-4064-83B3-1650866A1F23}.Release|Any CPU.ActiveCfg = Release|Any CPU
		{975E61FD-F01E-4064-83B3-1650866A1F23}.Release|Any CPU.Build.0 = Release|Any CPU
	EndGlobalSection
	GlobalSection(SolutionProperties) = preSolution
		HideSolutionNode = FALSE
	EndGlobalSection
	GlobalSection(NestedProjects) = preSolution
		{7CD6599C-6244-4930-95CB-63D8C7AE5080} = {4C556D60-B124-4244-AB13-F4B1B2B36521}
		{975E61FD-F01E-4064-83B3-1650866A1F23} = {4C556D60-B124-4244-AB13-F4B1B2B36521}
	EndGlobalSection
EndGlobal
